{
  "lockfileVersion": 1,
  "configVersion": 0,
  "workspaces": {
    "": {
      "dependencies": {
        "@vercel/analytics": "^1.0.0",
        "firebase": "^10.14.0",
        "next": "14.2.18",
        "react": "^18.3.1",
        "react-dom": "^18.3.1",
        "sass": "^1.80.0",
        "semantic-ui-css": "^2.5.0",
        "semantic-ui-react": "^2.1.4",
      },
      "devDependencies": {
        "@types/node": "^20.0.0",
        "@types/react": "^18.3.0",
        "@types/react-dom": "^18.3.0",
        "typescript": "5.6.3",
      },
    },
  },
  "packages": {
    "@babel/runtime": ["@babel/runtime@7.18.9", "", { "dependencies": { "regenerator-runtime": "^0.13.4" } }, "sha512-lkqXDcvlFT5rvEjiu6+QYO+1GXrEHRo2LOtS7E4GtX5ESIZOgepqsZBVIj6Pv+a6zqsya9VCgiK1KAK4BvJDAw=="],

    "@firebase/analytics": ["@firebase/analytics@0.10.8", "", { "dependencies": { "@firebase/component": "0.6.9", "@firebase/installations": "0.6.9", "@firebase/logger": "0.4.2", "@firebase/util": "1.10.0", "tslib": "^2.1.0" }, "peerDependencies": { "@firebase/app": "0.x" } }, "sha512-CVnHcS4iRJPqtIDc411+UmFldk0ShSK3OB+D0bKD8Ck5Vro6dbK5+APZpkuWpbfdL359DIQUnAaMLE+zs/PVyA=="],

    "@firebase/analytics-compat": ["@firebase/analytics-compat@0.2.14", "", { "dependencies": { "@firebase/analytics": "0.10.8", "@firebase/analytics-types": "0.8.2", "@firebase/component": "0.6.9", "@firebase/util": "1.10.0", "tslib": "^2.1.0" }, "peerDependencies": { "@firebase/app-compat": "0.x" } }, "sha512-unRVY6SvRqfNFIAA/kwl4vK+lvQAL2HVcgu9zTrUtTyYDmtIt/lOuHJynBMYEgLnKm39YKBDhtqdapP2e++ASw=="],

    "@firebase/analytics-types": ["@firebase/analytics-types@0.8.2", "", {}, "sha512-EnzNNLh+9/sJsimsA/FGqzakmrAUKLeJvjRHlg8df1f97NLUlFidk9600y0ZgWOp3CAxn6Hjtk+08tixlUOWyw=="],

    "@firebase/app": ["@firebase/app@0.10.13", "", { "dependencies": { "@firebase/component": "0.6.9", "@firebase/logger": "0.4.2", "@firebase/util": "1.10.0", "idb": "7.1.1", "tslib": "^2.1.0" } }, "sha512-OZiDAEK/lDB6xy/XzYAyJJkaDqmQ+BCtOEPLqFvxWKUz5JbBmej7IiiRHdtiIOD/twW7O5AxVsfaaGA/V1bNsA=="],

    "@firebase/app-check": ["@firebase/app-check@0.8.8", "", { "dependencies": { "@firebase/component": "0.6.9", "@firebase/logger": "0.4.2", "@firebase/util": "1.10.0", "tslib": "^2.1.0" }, "peerDependencies": { "@firebase/app": "0.x" } }, "sha512-O49RGF1xj7k6BuhxGpHmqOW5hqBIAEbt2q6POW0lIywx7emYtzPDeQI+ryQpC4zbKX646SoVZ711TN1DBLNSOQ=="],

    "@firebase/app-check-compat": ["@firebase/app-check-compat@0.3.15", "", { "dependencies": { "@firebase/app-check": "0.8.8", "@firebase/app-check-types": "0.5.2", "@firebase/component": "0.6.9", "@firebase/logger": "0.4.2", "@firebase/util": "1.10.0", "tslib": "^2.1.0" }, "peerDependencies": { "@firebase/app-compat": "0.x" } }, "sha512-zFIvIFFNqDXpOT2huorz9cwf56VT3oJYRFjSFYdSbGYEJYEaXjLJbfC79lx/zjx4Fh+yuN8pry3TtvwaevrGbg=="],

    "@firebase/app-check-interop-types": ["@firebase/app-check-interop-types@0.3.2", "", {}, "sha512-LMs47Vinv2HBMZi49C09dJxp0QT5LwDzFaVGf/+ITHe3BlIhUiLNttkATSXplc89A2lAaeTqjgqVkiRfUGyQiQ=="],

    "@firebase/app-check-types": ["@firebase/app-check-types@0.5.2", "", {}, "sha512-FSOEzTzL5bLUbD2co3Zut46iyPWML6xc4x+78TeaXMSuJap5QObfb+rVvZJtla3asN4RwU7elaQaduP+HFizDA=="],

    "@firebase/app-compat": ["@firebase/app-compat@0.2.43", "", { "dependencies": { "@firebase/app": "0.10.13", "@firebase/component": "0.6.9", "@firebase/logger": "0.4.2", "@firebase/util": "1.10.0", "tslib": "^2.1.0" } }, "sha512-HM96ZyIblXjAC7TzE8wIk2QhHlSvksYkQ4Ukh1GmEenzkucSNUmUX4QvoKrqeWsLEQ8hdcojABeCV8ybVyZmeg=="],

    "@firebase/app-types": ["@firebase/app-types@0.9.2", "", {}, "sha512-oMEZ1TDlBz479lmABwWsWjzHwheQKiAgnuKxE0pz0IXCVx7/rtlkx1fQ6GfgK24WCrxDKMplZrT50Kh04iMbXQ=="],

    "@firebase/auth": ["@firebase/auth@1.7.9", "", { "dependencies": { "@firebase/component": "0.6.9", "@firebase/logger": "0.4.2", "@firebase/util": "1.10.0", "tslib": "^2.1.0", "undici": "6.19.7" }, "peerDependencies": { "@firebase/app": "0.x", "@react-native-async-storage/async-storage": "^1.18.1" }, "optionalPeers": ["@react-native-async-storage/async-storage"] }, "sha512-yLD5095kVgDw965jepMyUrIgDklD6qH/BZNHeKOgvu7pchOKNjVM+zQoOVYJIKWMWOWBq8IRNVU6NXzBbozaJg=="],

    "@firebase/auth-compat": ["@firebase/auth-compat@0.5.14", "", { "dependencies": { "@firebase/auth": "1.7.9", "@firebase/auth-types": "0.12.2", "@firebase/component": "0.6.9", "@firebase/util": "1.10.0", "tslib": "^2.1.0", "undici": "6.19.7" }, "peerDependencies": { "@firebase/app-compat": "0.x" } }, "sha512-2eczCSqBl1KUPJacZlFpQayvpilg3dxXLy9cSMTKtQMTQSmondUtPI47P3ikH3bQAXhzKLOE+qVxJ3/IRtu9pw=="],

    "@firebase/auth-interop-types": ["@firebase/auth-interop-types@0.2.3", "", {}, "sha512-Fc9wuJGgxoxQeavybiuwgyi+0rssr76b+nHpj+eGhXFYAdudMWyfBHvFL/I5fEHniUM/UQdFzi9VXJK2iZF7FQ=="],

    "@firebase/auth-types": ["@firebase/auth-types@0.12.2", "", { "peerDependencies": { "@firebase/app-types": "0.x", "@firebase/util": "1.x" } }, "sha512-qsEBaRMoGvHO10unlDJhaKSuPn4pyoTtlQuP1ghZfzB6rNQPuhp/N/DcFZxm9i4v0SogjCbf9reWupwIvfmH6w=="],

    "@firebase/component": ["@firebase/component@0.6.9", "", { "dependencies": { "@firebase/util": "1.10.0", "tslib": "^2.1.0" } }, "sha512-gm8EUEJE/fEac86AvHn8Z/QW8BvR56TBw3hMW0O838J/1mThYQXAIQBgUv75EqlCZfdawpWLrKt1uXvp9ciK3Q=="],

    "@firebase/data-connect": ["@firebase/data-connect@0.1.0", "", { "dependencies": { "@firebase/auth-interop-types": "0.2.3", "@firebase/component": "0.6.9", "@firebase/logger": "0.4.2", "@firebase/util": "1.10.0", "tslib": "^2.1.0" }, "peerDependencies": { "@firebase/app": "0.x" } }, "sha512-vSe5s8dY13ilhLnfY0eYRmQsdTbH7PUFZtBbqU6JVX/j8Qp9A6G5gG6//ulbX9/1JFOF1IWNOne9c8S/DOCJaQ=="],

    "@firebase/database": ["@firebase/database@1.0.8", "", { "dependencies": { "@firebase/app-check-interop-types": "0.3.2", "@firebase/auth-interop-types": "0.2.3", "@firebase/component": "0.6.9", "@firebase/logger": "0.4.2", "@firebase/util": "1.10.0", "faye-websocket": "0.11.4", "tslib": "^2.1.0" } }, "sha512-dzXALZeBI1U5TXt6619cv0+tgEhJiwlUtQ55WNZY7vGAjv7Q1QioV969iYwt1AQQ0ovHnEW0YW9TiBfefLvErg=="],

    "@firebase/database-compat": ["@firebase/database-compat@1.0.8", "", { "dependencies": { "@firebase/component": "0.6.9", "@firebase/database": "1.0.8", "@firebase/database-types": "1.0.5", "@firebase/logger": "0.4.2", "@firebase/util": "1.10.0", "tslib": "^2.1.0" } }, "sha512-OpeWZoPE3sGIRPBKYnW9wLad25RaWbGyk7fFQe4xnJQKRzlynWeFBSRRAoLE2Old01WXwskUiucNqUUVlFsceg=="],

    "@firebase/database-types": ["@firebase/database-types@1.0.5", "", { "dependencies": { "@firebase/app-types": "0.9.2", "@firebase/util": "1.10.0" } }, "sha512-fTlqCNwFYyq/C6W7AJ5OCuq5CeZuBEsEwptnVxlNPkWCo5cTTyukzAHRSO/jaQcItz33FfYrrFk1SJofcu2AaQ=="],

    "@firebase/firestore": ["@firebase/firestore@4.7.3", "", { "dependencies": { "@firebase/component": "0.6.9", "@firebase/logger": "0.4.2", "@firebase/util": "1.10.0", "@firebase/webchannel-wrapper": "1.0.1", "@grpc/grpc-js": "~1.9.0", "@grpc/proto-loader": "^0.7.8", "tslib": "^2.1.0", "undici": "6.19.7" }, "peerDependencies": { "@firebase/app": "0.x" } }, "sha512-NwVU+JPZ/3bhvNSJMCSzfcBZZg8SUGyzZ2T0EW3/bkUeefCyzMISSt/TTIfEHc8cdyXGlMqfGe3/62u9s74UEg=="],

    "@firebase/firestore-compat": ["@firebase/firestore-compat@0.3.38", "", { "dependencies": { "@firebase/component": "0.6.9", "@firebase/firestore": "4.7.3", "@firebase/firestore-types": "3.0.2", "@firebase/util": "1.10.0", "tslib": "^2.1.0" }, "peerDependencies": { "@firebase/app-compat": "0.x" } }, "sha512-GoS0bIMMkjpLni6StSwRJarpu2+S5m346Na7gr9YZ/BZ/W3/8iHGNr9PxC+f0rNZXqS4fGRn88pICjrZEgbkqQ=="],

    "@firebase/firestore-types": ["@firebase/firestore-types@3.0.2", "", { "peerDependencies": { "@firebase/app-types": "0.x", "@firebase/util": "1.x" } }, "sha512-wp1A+t5rI2Qc/2q7r2ZpjUXkRVPtGMd6zCLsiWurjsQpqPgFin3AhNibKcIzoF2rnToNa/XYtyWXuifjOOwDgg=="],

    "@firebase/functions": ["@firebase/functions@0.11.8", "", { "dependencies": { "@firebase/app-check-interop-types": "0.3.2", "@firebase/auth-interop-types": "0.2.3", "@firebase/component": "0.6.9", "@firebase/messaging-interop-types": "0.2.2", "@firebase/util": "1.10.0", "tslib": "^2.1.0", "undici": "6.19.7" }, "peerDependencies": { "@firebase/app": "0.x" } }, "sha512-Lo2rTPDn96naFIlSZKVd1yvRRqqqwiJk7cf9TZhUerwnPKgBzXy+aHE22ry+6EjCaQusUoNai6mU6p+G8QZT1g=="],

    "@firebase/functions-compat": ["@firebase/functions-compat@0.3.14", "", { "dependencies": { "@firebase/component": "0.6.9", "@firebase/functions": "0.11.8", "@firebase/functions-types": "0.6.2", "@firebase/util": "1.10.0", "tslib": "^2.1.0" }, "peerDependencies": { "@firebase/app-compat": "0.x" } }, "sha512-dZ0PKOKQFnOlMfcim39XzaXonSuPPAVuzpqA4ONTIdyaJK/OnBaIEVs/+BH4faa1a2tLeR+Jy15PKqDRQoNIJw=="],

    "@firebase/functions-types": ["@firebase/functions-types@0.6.2", "", {}, "sha512-0KiJ9lZ28nS2iJJvimpY4nNccV21rkQyor5Iheu/nq8aKXJqtJdeSlZDspjPSBBiHRzo7/GMUttegnsEITqR+w=="],

    "@firebase/installations": ["@firebase/installations@0.6.9", "", { "dependencies": { "@firebase/component": "0.6.9", "@firebase/util": "1.10.0", "idb": "7.1.1", "tslib": "^2.1.0" }, "peerDependencies": { "@firebase/app": "0.x" } }, "sha512-hlT7AwCiKghOX3XizLxXOsTFiFCQnp/oj86zp1UxwDGmyzsyoxtX+UIZyVyH/oBF5+XtblFG9KZzZQ/h+dpy+Q=="],

    "@firebase/installations-compat": ["@firebase/installations-compat@0.2.9", "", { "dependencies": { "@firebase/component": "0.6.9", "@firebase/installations": "0.6.9", "@firebase/installations-types": "0.5.2", "@firebase/util": "1.10.0", "tslib": "^2.1.0" }, "peerDependencies": { "@firebase/app-compat": "0.x" } }, "sha512-2lfdc6kPXR7WaL4FCQSQUhXcPbI7ol3wF+vkgtU25r77OxPf8F/VmswQ7sgIkBBWtymn5ZF20TIKtnOj9rjb6w=="],

    "@firebase/installations-types": ["@firebase/installations-types@0.5.2", "", { "peerDependencies": { "@firebase/app-types": "0.x" } }, "sha512-que84TqGRZJpJKHBlF2pkvc1YcXrtEDOVGiDjovP/a3s6W4nlbohGXEsBJo0JCeeg/UG9A+DEZVDUV9GpklUzA=="],

    "@firebase/logger": ["@firebase/logger@0.4.2", "", { "dependencies": { "tslib": "^2.1.0" } }, "sha512-Q1VuA5M1Gjqrwom6I6NUU4lQXdo9IAQieXlujeHZWvRt1b7qQ0KwBaNAjgxG27jgF9/mUwsNmO8ptBCGVYhB0A=="],

    "@firebase/messaging": ["@firebase/messaging@0.12.12", "", { "dependencies": { "@firebase/component": "0.6.9", "@firebase/installations": "0.6.9", "@firebase/messaging-interop-types": "0.2.2", "@firebase/util": "1.10.0", "idb": "7.1.1", "tslib": "^2.1.0" }, "peerDependencies": { "@firebase/app": "0.x" } }, "sha512-6q0pbzYBJhZEtUoQx7hnPhZvAbuMNuBXKQXOx2YlWhSrlv9N1m0ZzlNpBbu/ItTzrwNKTibdYzUyaaxdWLg+4w=="],

    "@firebase/messaging-compat": ["@firebase/messaging-compat@0.2.12", "", { "dependencies": { "@firebase/component": "0.6.9", "@firebase/messaging": "0.12.12", "@firebase/util": "1.10.0", "tslib": "^2.1.0" }, "peerDependencies": { "@firebase/app-compat": "0.x" } }, "sha512-pKsiUVZrbmRgdImYqhBNZlkKJbqjlPkVdQRZGRbkTyX4OSGKR0F/oJeCt1a8jEg5UnBp4fdVwSWSp4DuCovvEQ=="],

    "@firebase/messaging-interop-types": ["@firebase/messaging-interop-types@0.2.2", "", {}, "sha512-l68HXbuD2PPzDUOFb3aG+nZj5KA3INcPwlocwLZOzPp9rFM9yeuI9YLl6DQfguTX5eAGxO0doTR+rDLDvQb5tA=="],

    "@firebase/performance": ["@firebase/performance@0.6.9", "", { "dependencies": { "@firebase/component": "0.6.9", "@firebase/installations": "0.6.9", "@firebase/logger": "0.4.2", "@firebase/util": "1.10.0", "tslib": "^2.1.0" }, "peerDependencies": { "@firebase/app": "0.x" } }, "sha512-PnVaak5sqfz5ivhua+HserxTJHtCar/7zM0flCX6NkzBNzJzyzlH4Hs94h2Il0LQB99roBqoE5QT1JqWqcLJHQ=="],

    "@firebase/performance-compat": ["@firebase/performance-compat@0.2.9", "", { "dependencies": { "@firebase/component": "0.6.9", "@firebase/logger": "0.4.2", "@firebase/performance": "0.6.9", "@firebase/performance-types": "0.2.2", "@firebase/util": "1.10.0", "tslib": "^2.1.0" }, "peerDependencies": { "@firebase/app-compat": "0.x" } }, "sha512-dNl95IUnpsu3fAfYBZDCVhXNkASE0uo4HYaEPd2/PKscfTvsgqFAOxfAXzBEDOnynDWiaGUnb5M1O00JQ+3FXA=="],

    "@firebase/performance-types": ["@firebase/performance-types@0.2.2", "", {}, "sha512-gVq0/lAClVH5STrIdKnHnCo2UcPLjJlDUoEB/tB4KM+hAeHUxWKnpT0nemUPvxZ5nbdY/pybeyMe8Cs29gEcHA=="],

    "@firebase/remote-config": ["@firebase/remote-config@0.4.9", "", { "dependencies": { "@firebase/component": "0.6.9", "@firebase/installations": "0.6.9", "@firebase/logger": "0.4.2", "@firebase/util": "1.10.0", "tslib": "^2.1.0" }, "peerDependencies": { "@firebase/app": "0.x" } }, "sha512-EO1NLCWSPMHdDSRGwZ73kxEEcTopAxX1naqLJFNApp4hO8WfKfmEpmjxmP5TrrnypjIf2tUkYaKsfbEA7+AMmA=="],

    "@firebase/remote-config-compat": ["@firebase/remote-config-compat@0.2.9", "", { "dependencies": { "@firebase/component": "0.6.9", "@firebase/logger": "0.4.2", "@firebase/remote-config": "0.4.9", "@firebase/remote-config-types": "0.3.2", "@firebase/util": "1.10.0", "tslib": "^2.1.0" }, "peerDependencies": { "@firebase/app-compat": "0.x" } }, "sha512-AxzGpWfWFYejH2twxfdOJt5Cfh/ATHONegTd/a0p5flEzsD5JsxXgfkFToop+mypEL3gNwawxrxlZddmDoNxyA=="],

    "@firebase/remote-config-types": ["@firebase/remote-config-types@0.3.2", "", {}, "sha512-0BC4+Ud7y2aPTyhXJTMTFfrGGLqdYXrUB9sJVAB8NiqJswDTc4/2qrE/yfUbnQJhbSi6ZaTTBKyG3n1nplssaA=="],

    "@firebase/storage": ["@firebase/storage@0.13.2", "", { "dependencies": { "@firebase/component": "0.6.9", "@firebase/util": "1.10.0", "tslib": "^2.1.0", "undici": "6.19.7" }, "peerDependencies": { "@firebase/app": "0.x" } }, "sha512-fxuJnHshbhVwuJ4FuISLu+/76Aby2sh+44ztjF2ppoe0TELIDxPW6/r1KGlWYt//AD0IodDYYA8ZTN89q8YqUw=="],

    "@firebase/storage-compat": ["@firebase/storage-compat@0.3.12", "", { "dependencies": { "@firebase/component": "0.6.9", "@firebase/storage": "0.13.2", "@firebase/storage-types": "0.8.2", "@firebase/util": "1.10.0", "tslib": "^2.1.0" }, "peerDependencies": { "@firebase/app-compat": "0.x" } }, "sha512-hA4VWKyGU5bWOll+uwzzhEMMYGu9PlKQc1w4DWxB3aIErWYzonrZjF0icqNQZbwKNIdh8SHjZlFeB2w6OSsjfg=="],

    "@firebase/storage-types": ["@firebase/storage-types@0.8.2", "", { "peerDependencies": { "@firebase/app-types": "0.x", "@firebase/util": "1.x" } }, "sha512-0vWu99rdey0g53lA7IShoA2Lol1jfnPovzLDUBuon65K7uKG9G+L5uO05brD9pMw+l4HRFw23ah3GwTGpEav6g=="],

    "@firebase/util": ["@firebase/util@1.10.0", "", { "dependencies": { "tslib": "^2.1.0" } }, "sha512-xKtx4A668icQqoANRxyDLBLz51TAbDP9KRfpbKGxiCAW346d0BeJe5vN6/hKxxmWwnZ0mautyv39JxviwwQMOQ=="],

    "@firebase/vertexai-preview": ["@firebase/vertexai-preview@0.0.4", "", { "dependencies": { "@firebase/app-check-interop-types": "0.3.2", "@firebase/component": "0.6.9", "@firebase/logger": "0.4.2", "@firebase/util": "1.10.0", "tslib": "^2.1.0" }, "peerDependencies": { "@firebase/app": "0.x", "@firebase/app-types": "0.x" } }, "sha512-EBSqyu9eg8frQlVU9/HjKtHN7odqbh9MtAcVz3WwHj4gLCLOoN9F/o+oxlq3CxvFrd3CNTZwu6d2mZtVlEInng=="],

    "@firebase/webchannel-wrapper": ["@firebase/webchannel-wrapper@1.0.1", "", {}, "sha512-jmEnr/pk0yVkA7mIlHNnxCi+wWzOFUg0WyIotgkKAb2u1J7fAeDBcVNSTjTihbAYNusCLQdW5s9IJ5qwnEufcQ=="],

    "@fluentui/react-component-event-listener": ["@fluentui/react-component-event-listener@0.63.1", "", { "dependencies": { "@babel/runtime": "^7.10.4" }, "peerDependencies": { "react": "^16.8.0 || ^17 || ^18", "react-dom": "^16.8.0 || ^17 || ^18" } }, "sha512-gSMdOh6tI3IJKZFqxfQwbTpskpME0CvxdxGM2tdglmf6ZPVDi0L4+KKIm+2dN8nzb8Ya1A8ZT+Ddq0KmZtwVQg=="],

    "@fluentui/react-component-ref": ["@fluentui/react-component-ref@0.63.1", "", { "dependencies": { "@babel/runtime": "^7.10.4", "react-is": "^16.6.3" }, "peerDependencies": { "react": "^16.8.0 || ^17 || ^18", "react-dom": "^16.8.0 || ^17 || ^18" } }, "sha512-8MkXX4+R3i80msdbD4rFpEB4WWq2UDvGwG386g3ckIWbekdvN9z2kWAd9OXhRGqB7QeOsoAGWocp6gAMCivRlw=="],

    "@grpc/grpc-js": ["@grpc/grpc-js@1.9.15", "", { "dependencies": { "@grpc/proto-loader": "^0.7.8", "@types/node": ">=12.12.47" } }, "sha512-nqE7Hc0AzI+euzUwDAy0aY5hCp10r734gMGRdU+qOPX0XSceI2ULrcXB5U2xSc5VkWwalCj4M7GzCAygZl2KoQ=="],

    "@grpc/proto-loader": ["@grpc/proto-loader@0.7.15", "", { "dependencies": { "lodash.camelcase": "^4.3.0", "long": "^5.0.0", "protobufjs": "^7.2.5", "yargs": "^17.7.2" }, "bin": { "proto-loader-gen-types": "build/bin/proto-loader-gen-types.js" } }, "sha512-tMXdRCfYVixjuFK+Hk0Q1s38gV9zDiDJfWL3h1rv4Qc39oILCu1TRTDt7+fGUI8K4G1Fj125Hx/ru3azECWTyQ=="],

    "@next/env": ["@next/env@14.2.18", "", {}, "sha512-2vWLOUwIPgoqMJKG6dt35fVXVhgM09tw4tK3/Q34GFXDrfiHlG7iS33VA4ggnjWxjiz9KV5xzfsQzJX6vGAekA=="],

    "@next/swc-darwin-arm64": ["@next/swc-darwin-arm64@14.2.18", "", { "os": "darwin", "cpu": "arm64" }, "sha512-tOBlDHCjGdyLf0ube/rDUs6VtwNOajaWV+5FV/ajPgrvHeisllEdymY/oDgv2cx561+gJksfMUtqf8crug7sbA=="],

    "@next/swc-darwin-x64": ["@next/swc-darwin-x64@14.2.18", "", { "os": "darwin", "cpu": "x64" }, "sha512-uJCEjutt5VeJ30jjrHV1VIHCsbMYnEqytQgvREx+DjURd/fmKy15NaVK4aR/u98S1LGTnjq35lRTnRyygglxoA=="],

    "@next/swc-linux-arm64-gnu": ["@next/swc-linux-arm64-gnu@14.2.18", "", { "os": "linux", "cpu": "arm64" }, "sha512-IL6rU8vnBB+BAm6YSWZewc+qvdL1EaA+VhLQ6tlUc0xp+kkdxQrVqAnh8Zek1ccKHlTDFRyAft0e60gteYmQ4A=="],

    "@next/swc-linux-arm64-musl": ["@next/swc-linux-arm64-musl@14.2.18", "", { "os": "linux", "cpu": "arm64" }, "sha512-RCaENbIZqKKqTlL8KNd+AZV/yAdCsovblOpYFp0OJ7ZxgLNbV5w23CUU1G5On+0fgafrsGcW+GdMKdFjaRwyYA=="],

    "@next/swc-linux-x64-gnu": ["@next/swc-linux-x64-gnu@14.2.18", "", { "os": "linux", "cpu": "x64" }, "sha512-3kmv8DlyhPRCEBM1Vavn8NjyXtMeQ49ID0Olr/Sut7pgzaQTo4h01S7Z8YNE0VtbowyuAL26ibcz0ka6xCTH5g=="],

    "@next/swc-linux-x64-musl": ["@next/swc-linux-x64-musl@14.2.18", "", { "os": "linux", "cpu": "x64" }, "sha512-mliTfa8seVSpTbVEcKEXGjC18+TDII8ykW4a36au97spm9XMPqQTpdGPNBJ9RySSFw9/hLuaCMByluQIAnkzlw=="],

    "@next/swc-win32-arm64-msvc": ["@next/swc-win32-arm64-msvc@14.2.18", "", { "os": "win32", "cpu": "arm64" }, "sha512-J5g0UFPbAjKYmqS3Cy7l2fetFmWMY9Oao32eUsBPYohts26BdrMUyfCJnZFQkX9npYaHNDOWqZ6uV9hSDPw9NA=="],

    "@next/swc-win32-ia32-msvc": ["@next/swc-win32-ia32-msvc@14.2.18", "", { "os": "win32", "cpu": "ia32" }, "sha512-Ynxuk4ZgIpdcN7d16ivJdjsDG1+3hTvK24Pp8DiDmIa2+A4CfhJSEHHVndCHok6rnLUzAZD+/UOKESQgTsAZGg=="],

    "@next/swc-win32-x64-msvc": ["@next/swc-win32-x64-msvc@14.2.18", "", { "os": "win32", "cpu": "x64" }, "sha512-dtRGMhiU9TN5nyhwzce+7c/4CCeykYS+ipY/4mIrGzJ71+7zNo55ZxCB7cAVuNqdwtYniFNR2c9OFQ6UdFIMcg=="],

    "@opentelemetry/api": ["@opentelemetry/api@1.9.0", "", {}, "sha512-3giAOQvZiH5F9bMlMiv8+GSPMeqg0dbaeo58/0SlA9sxSqZhnUtxzX9/2FzyhS9sWQf5S0GJE0AKBrFqjpeYcg=="],

    "@parcel/watcher": ["@parcel/watcher@2.5.6", "", { "dependencies": { "detect-libc": "^2.0.3", "is-glob": "^4.0.3", "node-addon-api": "^7.0.0", "picomatch": "^4.0.3" }, "optionalDependencies": { "@parcel/watcher-android-arm64": "2.5.6", "@parcel/watcher-darwin-arm64": "2.5.6", "@parcel/watcher-darwin-x64": "2.5.6", "@parcel/watcher-freebsd-x64": "2.5.6", "@parcel/watcher-linux-arm-glibc": "2.5.6", "@parcel/watcher-linux-arm-musl": "2.5.6", "@parcel/watcher-linux-arm64-glibc": "2.5.6", "@parcel/watcher-linux-arm64-musl": "2.5.6", "@parcel/watcher-linux-x64-glibc": "2.5.6", "@parcel/watcher-linux-x64-musl": "2.5.6", "@parcel/watcher-win32-arm64": "2.5.6", "@parcel/watcher-win32-ia32": "2.5.6", "@parcel/watcher-win32-x64": "2.5.6" } }, "sha512-tmmZ3lQxAe/k/+rNnXQRawJ4NjxO2hqiOLTHvWchtGZULp4RyFeh6aU4XdOYBFe2KE1oShQTv4AblOs2iOrNnQ=="],

    "@parcel/watcher-android-arm64": ["@parcel/watcher-android-arm64@2.5.6", "", { "os": "android", "cpu": "arm64" }, "sha512-YQxSS34tPF/6ZG7r/Ih9xy+kP/WwediEUsqmtf0cuCV5TPPKw/PQHRhueUo6JdeFJaqV3pyjm0GdYjZotbRt/A=="],

    "@parcel/watcher-darwin-arm64": ["@parcel/watcher-darwin-arm64@2.5.6", "", { "os": "darwin", "cpu": "arm64" }, "sha512-Z2ZdrnwyXvvvdtRHLmM4knydIdU9adO3D4n/0cVipF3rRiwP+3/sfzpAwA/qKFL6i1ModaabkU7IbpeMBgiVEA=="],

    "@parcel/watcher-darwin-x64": ["@parcel/watcher-darwin-x64@2.5.6", "", { "os": "darwin", "cpu": "x64" }, "sha512-HgvOf3W9dhithcwOWX9uDZyn1lW9R+7tPZ4sug+NGrGIo4Rk1hAXLEbcH1TQSqxts0NYXXlOWqVpvS1SFS4fRg=="],

    "@parcel/watcher-freebsd-x64": ["@parcel/watcher-freebsd-x64@2.5.6", "", { "os": "freebsd", "cpu": "x64" }, "sha512-vJVi8yd/qzJxEKHkeemh7w3YAn6RJCtYlE4HPMoVnCpIXEzSrxErBW5SJBgKLbXU3WdIpkjBTeUNtyBVn8TRng=="],

    "@parcel/watcher-linux-arm-glibc": ["@parcel/watcher-linux-arm-glibc@2.5.6", "", { "os": "linux", "cpu": "arm" }, "sha512-9JiYfB6h6BgV50CCfasfLf/uvOcJskMSwcdH1PHH9rvS1IrNy8zad6IUVPVUfmXr+u+Km9IxcfMLzgdOudz9EQ=="],

    "@parcel/watcher-linux-arm-musl": ["@parcel/watcher-linux-arm-musl@2.5.6", "", { "os": "linux", "cpu": "arm" }, "sha512-Ve3gUCG57nuUUSyjBq/MAM0CzArtuIOxsBdQ+ftz6ho8n7s1i9E1Nmk/xmP323r2YL0SONs1EuwqBp2u1k5fxg=="],

    "@parcel/watcher-linux-arm64-glibc": ["@parcel/watcher-linux-arm64-glibc@2.5.6", "", { "os": "linux", "cpu": "arm64" }, "sha512-f2g/DT3NhGPdBmMWYoxixqYr3v/UXcmLOYy16Bx0TM20Tchduwr4EaCbmxh1321TABqPGDpS8D/ggOTaljijOA=="],

    "@parcel/watcher-linux-arm64-musl": ["@parcel/watcher-linux-arm64-musl@2.5.6", "", { "os": "linux", "cpu": "arm64" }, "sha512-qb6naMDGlbCwdhLj6hgoVKJl2odL34z2sqkC7Z6kzir8b5W65WYDpLB6R06KabvZdgoHI/zxke4b3zR0wAbDTA=="],

    "@parcel/watcher-linux-x64-glibc": ["@parcel/watcher-linux-x64-glibc@2.5.6", "", { "os": "linux", "cpu": "x64" }, "sha512-kbT5wvNQlx7NaGjzPFu8nVIW1rWqV780O7ZtkjuWaPUgpv2NMFpjYERVi0UYj1msZNyCzGlaCWEtzc+exjMGbQ=="],

    "@parcel/watcher-linux-x64-musl": ["@parcel/watcher-linux-x64-musl@2.5.6", "", { "os": "linux", "cpu": "x64" }, "sha512-1JRFeC+h7RdXwldHzTsmdtYR/Ku8SylLgTU/reMuqdVD7CtLwf0VR1FqeprZ0eHQkO0vqsbvFLXUmYm/uNKJBg=="],

    "@parcel/watcher-win32-arm64": ["@parcel/watcher-win32-arm64@2.5.6", "", { "os": "win32", "cpu": "arm64" }, "sha512-3ukyebjc6eGlw9yRt678DxVF7rjXatWiHvTXqphZLvo7aC5NdEgFufVwjFfY51ijYEWpXbqF5jtrK275z52D4Q=="],

    "@parcel/watcher-win32-ia32": ["@parcel/watcher-win32-ia32@2.5.6", "", { "os": "win32", "cpu": "ia32" }, "sha512-k35yLp1ZMwwee3Ez/pxBi5cf4AoBKYXj00CZ80jUz5h8prpiaQsiRPKQMxoLstNuqe2vR4RNPEAEcjEFzhEz/g=="],

    "@parcel/watcher-win32-x64": ["@parcel/watcher-win32-x64@2.5.6", "", { "os": "win32", "cpu": "x64" }, "sha512-hbQlYcCq5dlAX9Qx+kFb0FHue6vbjlf0FrNzSKdYK2APUf7tGfGxQCk2ihEREmbR6ZMc0MVAD5RIX/41gpUzTw=="],

    "@popperjs/core": ["@popperjs/core@2.10.2", "", {}, "sha512-IXf3XA7+XyN7CP9gGh/XB0UxVMlvARGEgGXLubFICsUMGz6Q+DU+i4gGlpOxTjKvXjkJDJC8YdqdKkDj9qZHEQ=="],

    "@protobufjs/aspromise": ["@protobufjs/aspromise@1.1.2", "", {}, "sha1-m4sMxmPWaafY9vXQiToU00jzD78="],

    "@protobufjs/base64": ["@protobufjs/base64@1.1.2", "", {}, "sha512-AZkcAA5vnN/v4PDqKyMR5lx7hZttPDgClv83E//FMNhR2TMcLUhfRUBHCmSl0oi9zMgDDqRUJkSxO3wm85+XLg=="],

    "@protobufjs/codegen": ["@protobufjs/codegen@2.0.4", "", {}, "sha512-YyFaikqM5sH0ziFZCN3xDC7zeGaB/d0IUb9CATugHWbd1FRFwWwt4ld4OYMPWu5a3Xe01mGAULCdqhMlPl29Jg=="],

    "@protobufjs/eventemitter": ["@protobufjs/eventemitter@1.1.0", "", {}, "sha1-NVy8mLr61ZePntCV85diHx0Ga3A="],

    "@protobufjs/fetch": ["@protobufjs/fetch@1.1.0", "", { "dependencies": { "@protobufjs/aspromise": "^1.1.1", "@protobufjs/inquire": "^1.1.0" } }, "sha1-upn7WYYUr2VwDBYZ/wbUVLDYTEU="],

    "@protobufjs/float": ["@protobufjs/float@1.0.2", "", {}, "sha1-Xp4avctz/Ap8uLKR33jIy9l7h9E="],

    "@protobufjs/inquire": ["@protobufjs/inquire@1.1.0", "", {}, "sha1-/yAOPnzyQp4tyvwRQIKOjMY48Ik="],

    "@protobufjs/path": ["@protobufjs/path@1.1.2", "", {}, "sha1-bMKyDFya1q0NzP0hynZz2Nf79o0="],

    "@protobufjs/pool": ["@protobufjs/pool@1.1.0", "", {}, "sha1-Cf0V8tbTq/qbZbw2ZQbWrXhG/1Q="],

    "@protobufjs/utf8": ["@protobufjs/utf8@1.1.0", "", {}, "sha1-p3c2C1s5oaLlEG+OhY8v0tBgxXA="],

    "@semantic-ui-react/event-stack": ["@semantic-ui-react/event-stack@3.1.3", "", { "dependencies": { "exenv": "^1.2.2", "prop-types": "^15.6.2" }, "peerDependencies": { "react": "^16.0.0 || ^17.0.0 || ^18.0.0", "react-dom": "^16.0.0 || ^17.0.0 || ^18.0.0" } }, "sha512-FdTmJyWvJaYinHrKRsMLDrz4tTMGdFfds299Qory53hBugiDvGC0tEJf+cHsi5igDwWb/CLOgOiChInHwq8URQ=="],

    "@swc/counter": ["@swc/counter@0.1.3", "", {}, "sha512-e2BR4lsJkkRlKZ/qCHPw9ZaSxc0MVUd7gtbtaB7aMvHeJVYe8sOB8DBZkP2DtISHGSku9sCK6T6cnY0CtXrOCQ=="],

    "@swc/helpers": ["@swc/helpers@0.5.5", "", { "dependencies": { "@swc/counter": "^0.1.3", "tslib": "^2.4.0" } }, "sha512-KGYxvIOXcceOAbEk4bi/dVLEK9z8sZ0uBB3Il5b1rhfClSpcX0yfRO0KmTkqR2cnQDymwLB+25ZyMzICg/cm/A=="],

    "@types/node": ["@types/node@20.19.37", "", { "dependencies": { "undici-types": "~6.21.0" } }, "sha512-8kzdPJ3FsNsVIurqBs7oodNnCEVbni9yUEkaHbgptDACOPW04jimGagZ51E6+lXUwJjgnBw+hyko/lkFWCldqw=="],

    "@types/prop-types": ["@types/prop-types@15.7.4", "", {}, "sha512-rZ5drC/jWjrArrS8BR6SIr4cWpW09RNTYt9AMZo3Jwwif+iacXAqgVjm0B0Bv/S1jhDXKHqRVNCbACkJ89RAnQ=="],

    "@types/react": ["@types/react@18.3.28", "", { "dependencies": { "@types/prop-types": "*", "csstype": "^3.2.2" } }, "sha512-z9VXpC7MWrhfWipitjNdgCauoMLRdIILQsAEV+ZesIzBq/oUlxk0m3ApZuMFCXdnS4U7KrI+l3WRUEGQ8K1QKw=="],

    "@types/react-dom": ["@types/react-dom@18.3.7", "", { "peerDependencies": { "@types/react": "^18.0.0" } }, "sha512-MEe3UeoENYVFXzoXEWsvcpg6ZvlrFNlOQ7EOsvhI3CfAXwzPfO8Qwuxd40nepsYKqyyVQnTdEfv68q91yLcKrQ=="],

    "@vercel/analytics": ["@vercel/analytics@1.0.0", "", { "peerDependencies": { "react": "^16.8||^17||^18" } }, "sha512-RQmj7pv82JwGDHrnKeRc6TtSw2U7rWNubc2IH0ernTzWTj02yr9zvIYiYJeztsBzrJtWv7m8Nz6vxxb+cdEtJw=="],

    "ansi-regex": ["ansi-regex@5.0.1", "", {}, "sha512-quJQXlTSUGL2LH9SUXo8VwsY4soanhgo6LNSm84E1LBcE8s3O0wpdiRzyR9z/ZZJMlMWv37qOOb9pdJlMUEKFQ=="],

    "ansi-styles": ["ansi-styles@4.3.0", "", { "dependencies": { "color-convert": "^2.0.1" } }, "sha512-zbB9rCJAT1rbjiVDb2hqKFHNYLxgtk8NURxZ3IZwD3F6NtxbXZQCnnSi1Lkx+IDohdPlFp222wVALIheZJQSEg=="],

    "busboy": ["busboy@1.6.0", "", { "dependencies": { "streamsearch": "^1.1.0" } }, "sha512-8SFQbg/0hQ9xy3UNTB0YEnsNBbWfhf7RtnzpL7TkBiTBRfrQ9Fxcnz7VJsleJpyp6rVLvXiuORqjlHi5q+PYuA=="],

    "caniuse-lite": ["caniuse-lite@1.0.30001777", "", {}, "sha512-tmN+fJxroPndC74efCdp12j+0rk0RHwV5Jwa1zWaFVyw2ZxAuPeG8ZgWC3Wz7uSjT3qMRQ5XHZ4COgQmsCMJAQ=="],

    "chokidar": ["chokidar@4.0.3", "", { "dependencies": { "readdirp": "^4.0.1" } }, "sha512-Qgzu8kfBvo+cA4962jnP1KkS6Dop5NS6g7R5LFYJr4b8Ub94PPQXUksCw9PvXoeXPRRddRNC5C1JQUR2SMGtnA=="],

    "client-only": ["client-only@0.0.1", "", {}, "sha512-IV3Ou0jSMzZrd3pZ48nLkT9DA7Ag1pnPzaiQhpW7c3RbcqqzvzzVu+L8gfqMp/8IM2MQtSiqaCxrrcfu8I8rMA=="],

    "cliui": ["cliui@8.0.1", "", { "dependencies": { "string-width": "^4.2.0", "strip-ansi": "^6.0.1", "wrap-ansi": "^7.0.0" } }, "sha512-BSeNnyus75C4//NQ9gQt1/csTXyo/8Sb+afLAkzAptFuMsod9HFokGNudZpi/oQV73hnVK+sR+5PVRMd+Dr7YQ=="],

    "clsx": ["clsx@1.1.1", "", {}, "sha512-6/bPho624p3S2pMyvP5kKBPXnI3ufHLObBFCfgx+LkeR5lg2XYy2hqZqUf45ypD8COn2bhgGJSUE+l5dhNBieA=="],

    "color-convert": ["color-convert@2.0.1", "", { "dependencies": { "color-name": "~1.1.4" } }, "sha512-RRECPsj7iu/xb5oKYcsFHSppFNnsj/52OVTRKb4zP5onXwVF3zVmmToNcOfGC+CRDpfK/U584fMg38ZHCaElKQ=="],

    "color-name": ["color-name@1.1.4", "", {}, "sha512-dOy+3AuW3a2wNbZHIuMZpTcgjGuLU/uBL/ubcZF9OXbDo8ff4O8yVp5Bf0efS8uEoYo5q4Fx7dY9OgQGXgAsQA=="],

    "csstype": ["csstype@3.2.3", "", {}, "sha512-z1HGKcYy2xA8AGQfwrn0PAy+PB7X/GSj3UVJW9qKyn43xWa+gl5nXmU4qqLMRzWVLFC8KusUX8T/0kCiOYpAIQ=="],

    "detect-libc": ["detect-libc@2.1.2", "", {}, "sha512-Btj2BOOO83o3WyH59e8MgXsxEQVcarkUOpEYrubB0urwnN10yQ364rsiByU11nZlqWYZm05i/of7io4mzihBtQ=="],

    "emoji-regex": ["emoji-regex@8.0.0", "", {}, "sha512-MSjYzcWNOA0ewAHpz0MxpYFvwg6yjy1NG3xteoqz644VCo/RPgnr1/GGt+ic3iJTzQ8Eu3TdM14SawnVUmGE6A=="],

    "escalade": ["escalade@3.1.1", "", {}, "sha512-k0er2gUkLf8O0zKJiAhmkTnJlTvINGv7ygDNPbeIsX/TJjGJZHuh9B2UxbsaEkmlEo9MfhrSzmhIlhRlI2GXnw=="],

    "exenv": ["exenv@1.2.2", "", {}, "sha1-KueOhdmJQVhnCwPUe+wfA72Ru50="],

    "faye-websocket": ["faye-websocket@0.11.4", "", { "dependencies": { "websocket-driver": ">=0.5.1" } }, "sha512-CzbClwlXAuiRQAlUyfqPgvPoNKTckTPGfwZV4ZdAhVcP2lh9KUxJg2b5GkE7XbjKQ3YJnQ9z6D9ntLAlB+tP8g=="],

    "firebase": ["firebase@10.14.1", "", { "dependencies": { "@firebase/analytics": "0.10.8", "@firebase/analytics-compat": "0.2.14", "@firebase/app": "0.10.13", "@firebase/app-check": "0.8.8", "@firebase/app-check-compat": "0.3.15", "@firebase/app-compat": "0.2.43", "@firebase/app-types": "0.9.2", "@firebase/auth": "1.7.9", "@firebase/auth-compat": "0.5.14", "@firebase/data-connect": "0.1.0", "@firebase/database": "1.0.8", "@firebase/database-compat": "1.0.8", "@firebase/firestore": "4.7.3", "@firebase/firestore-compat": "0.3.38", "@firebase/functions": "0.11.8", "@firebase/functions-compat": "0.3.14", "@firebase/installations": "0.6.9", "@firebase/installations-compat": "0.2.9", "@firebase/messaging": "0.12.12", "@firebase/messaging-compat": "0.2.12", "@firebase/performance": "0.6.9", "@firebase/performance-compat": "0.2.9", "@firebase/remote-config": "0.4.9", "@firebase/remote-config-compat": "0.2.9", "@firebase/storage": "0.13.2", "@firebase/storage-compat": "0.3.12", "@firebase/util": "1.10.0", "@firebase/vertexai-preview": "0.0.4" } }, "sha512-0KZxU+Ela9rUCULqFsUUOYYkjh7OM1EWdIfG6///MtXd0t2/uUIf0iNV5i0KariMhRQ5jve/OY985nrAXFaZeQ=="],

    "get-caller-file": ["get-caller-file@2.0.5", "", {}, "sha512-DyFP3BM/3YHTQOCUL/w0OZHR0lpKeGrxotcHWcqNEdnltqFwXVfhEBQ94eIo34AfQpo0rGki4cyIiftY06h2Fg=="],

    "graceful-fs": ["graceful-fs@4.2.11", "", {}, "sha512-RbJ5/jmFcNNCcDV5o9eTnBLJ/HszWV0P73bc+Ff4nS/rJj+YaS6IGyiOL0VoBYX+l1Wrl3k63h/KrH+nhJ0XvQ=="],

    "http-parser-js": ["http-parser-js@0.5.6", "", {}, "sha512-vDlkRPDJn93swjcjqMSaGSPABbIarsr1TLAui/gLDXzV5VsJNdXNzMYDyNBLQkjWQCJ1uizu8T2oDMhmGt0PRA=="],

    "idb": ["idb@7.1.1", "", {}, "sha512-gchesWBzyvGHRO9W8tzUWFDycow5gwjvFKfyV9FF32Y7F50yZMp7mP+T2mJIWFx49zicqyC4uefHM17o6xKIVQ=="],

    "immutable": ["immutable@5.1.5", "", {}, "sha512-t7xcm2siw+hlUM68I+UEOK+z84RzmN59as9DZ7P1l0994DKUWV7UXBMQZVxaoMSRQ+PBZbHCOoBt7a2wxOMt+A=="],

    "is-extglob": ["is-extglob@2.1.1", "", {}, "sha1-qIwCU1eR8C7TfHahueqXc8gz+MI="],

    "is-fullwidth-code-point": ["is-fullwidth-code-point@3.0.0", "", {}, "sha512-zymm5+u+sCsSWyD9qNaejV3DFvhCKclKdizYaJUuHA83RLjb7nSuGnddCHGv0hk+KY7BMAlsWeK4Ueg6EV6XQg=="],

    "is-glob": ["is-glob@4.0.3", "", { "dependencies": { "is-extglob": "^2.1.1" } }, "sha512-xelSayHH36ZgE7ZWhli7pW34hNbNl8Ojv5KVmkJD4hBdD3th8Tfk9vYasLM+mXWOZhFkgZfxhLSnrwRr4elSSg=="],

    "jquery": ["jquery@3.6.0", "", {}, "sha512-JVzAR/AjBvVt2BmYhxRCSYysDsPcssdmTFnzyLEts9qNwmjmu4JTAMYubEfwVOSwpQ1I1sKKFcxhZCI2buerfw=="],

    "js-tokens": ["js-tokens@4.0.0", "", {}, "sha512-RdJUflcE3cUzKiMqQgsCu06FPu9UdIJO0beYbPhHN4k6apgJtifcoCtT9bcxOpYBtpD2kCM6Sbzg4CausW/PKQ=="],

    "keyboard-key": ["keyboard-key@1.1.0", "", {}, "sha512-qkBzPTi3rlAKvX7k0/ub44sqOfXeLc/jcnGGmj5c7BJpU8eDrEVPyhCvNYAaoubbsLm9uGWwQJO1ytQK1a9/dQ=="],

    "lodash": ["lodash@4.17.21", "", {}, "sha512-v2kDEe57lecTulaDIuNTPy3Ry4gLGJ6Z1O3vE1krgXZNrsQ+LFTGHVxVjcXPs17LhbZVGedAJv8XZ1tvj5FvSg=="],

    "lodash-es": ["lodash-es@4.17.21", "", {}, "sha512-mKnC+QJ9pWVzv+C4/U3rRsHapFfHvQFoFB92e52xeyGMcX6/OlIl78je1u8vePzYZSkkogMPJ2yjxxsb89cxyw=="],

    "lodash.camelcase": ["lodash.camelcase@4.3.0", "", {}, "sha1-soqmKIorn8ZRA1x3EfZathkDMaY="],

    "long": ["long@5.2.0", "", {}, "sha512-9RTUNjK60eJbx3uz+TEGF7fUr29ZDxR5QzXcyDpeSfeH28S9ycINflOgOlppit5U+4kNTe83KQnMEerw7GmE8w=="],

    "loose-envify": ["loose-envify@1.4.0", "", { "dependencies": { "js-tokens": "^3.0.0 || ^4.0.0" }, "bin": "cli.js" }, "sha512-lyuxPGr/Wfhrlem2CL/UcnUc1zcqKAImBDzukY7Y5F/yQiNdko6+fRLevlw1HgMySw7f611UIY408EtxRSoK3Q=="],

    "nanoid": ["nanoid@3.3.11", "", { "bin": { "nanoid": "bin/nanoid.cjs" } }, "sha512-N8SpfPUnUp1bK+PMYW8qSWdl9U+wwNWI4QKxOYDy9JAro3WMX7p2OeVRF9v+347pnakNevPmiHhNmZ2HbFA76w=="],

    "next": ["next@14.2.18", "", { "dependencies": { "@next/env": "14.2.18", "@swc/helpers": "0.5.5", "busboy": "1.6.0", "caniuse-lite": "^1.0.30001579", "graceful-fs": "^4.2.11", "postcss": "8.4.31", "styled-jsx": "5.1.1" }, "optionalDependencies": { "@next/swc-darwin-arm64": "14.2.18", "@next/swc-darwin-x64": "14.2.18", "@next/swc-linux-arm64-gnu": "14.2.18", "@next/swc-linux-arm64-musl": "14.2.18", "@next/swc-linux-x64-gnu": "14.2.18", "@next/swc-linux-x64-musl": "14.2.18", "@next/swc-win32-arm64-msvc": "14.2.18", "@next/swc-win32-ia32-msvc": "14.2.18", "@next/swc-win32-x64-msvc": "14.2.18" }, "peerDependencies": { "@opentelemetry/api": "^1.1.0", "@playwright/test": "^1.41.2", "react": "^18.2.0", "react-dom": "^18.2.0", "sass": "^1.3.0" }, "optionalPeers": ["@opentelemetry/api", "@playwright/test", "sass"], "bin": { "next": "dist/bin/next" } }, "sha512-H9qbjDuGivUDEnK6wa+p2XKO+iMzgVgyr9Zp/4Iv29lKa+DYaxJGjOeEA+5VOvJh/M7HLiskehInSa0cWxVXUw=="],

    "node-addon-api": ["node-addon-api@7.1.1", "", {}, "sha512-5m3bsyrjFWE1xf7nz7YXdN4udnVtXK6/Yfgn5qnahL6bCkf2yKt4k3nuTKAtT4r3IG8JNR2ncsIMdZuAzJjHQQ=="],

    "object-assign": ["object-assign@4.1.1", "", {}, "sha1-IQmtx5ZYh8/AXLvUQsrIv7s2CGM="],

    "picocolors": ["picocolors@1.0.0", "", {}, "sha512-1fygroTLlHu66zi26VoTDv8yRgm0Fccecssto+MhsZ0D/DGW2sm8E8AjW7NU5VVTRt5GxbeZ5qBuJr+HyLYkjQ=="],

    "picomatch": ["picomatch@4.0.3", "", {}, "sha512-5gTmgEY/sqK6gFXLIsQNH19lWb4ebPDLA4SdLP7dsWkIXHWlG66oPuVvXSGFPppYZz8ZDZq0dYYrbHfBCVUb1Q=="],

    "postcss": ["postcss@8.4.31", "", { "dependencies": { "nanoid": "^3.3.6", "picocolors": "^1.0.0", "source-map-js": "^1.0.2" } }, "sha512-PS08Iboia9mts/2ygV3eLpY5ghnUcfLV/EXTOW1E2qYxJKGGBUtNjN76FYHnMs36RmARn41bC0AZmn+rR0OVpQ=="],

    "prop-types": ["prop-types@15.7.2", "", { "dependencies": { "loose-envify": "^1.4.0", "object-assign": "^4.1.1", "react-is": "^16.8.1" } }, "sha512-8QQikdH7//R2vurIJSutZ1smHYTcLpRWEOlHnzcWHmBYrOGUysKwSsrC89BCiFj3CbrfJ/nXFdJepOVrY1GCHQ=="],

    "protobufjs": ["protobufjs@7.5.4", "", { "dependencies": { "@protobufjs/aspromise": "^1.1.2", "@protobufjs/base64": "^1.1.2", "@protobufjs/codegen": "^2.0.4", "@protobufjs/eventemitter": "^1.1.0", "@protobufjs/fetch": "^1.1.0", "@protobufjs/float": "^1.0.2", "@protobufjs/inquire": "^1.1.0", "@protobufjs/path": "^1.1.2", "@protobufjs/pool": "^1.1.0", "@protobufjs/utf8": "^1.1.0", "@types/node": ">=13.7.0", "long": "^5.0.0" } }, "sha512-CvexbZtbov6jW2eXAvLukXjXUW1TzFaivC46BpWc/3BpcCysb5Vffu+B3XHMm8lVEuy2Mm4XGex8hBSg1yapPg=="],

    "react": ["react@18.3.1", "", { "dependencies": { "loose-envify": "^1.1.0" } }, "sha512-wS+hAgJShR0KhEvPJArfuPVN1+Hz1t0Y6n5jLrGQbkb4urgPE/0Rve+1kMB1v/oWgHgm4WIcV+i7F2pTVj+2iQ=="],

    "react-dom": ["react-dom@18.3.1", "", { "dependencies": { "loose-envify": "^1.1.0", "scheduler": "^0.23.2" }, "peerDependencies": { "react": "^18.3.1" } }, "sha512-5m4nQKp+rZRb09LNH59GM4BxTh9251/ylbKIbpe7TpGxfJ+9kv6BLkLBXIjjspbgbnIBNqlI23tRnTWT0snUIw=="],

    "react-fast-compare": ["react-fast-compare@3.2.0", "", {}, "sha512-rtGImPZ0YyLrscKI9xTpV8psd6I8VAtjKCzQDlzyDvqJA8XOW78TXYQwNRNd8g8JZnDu8q9Fu/1v4HPAVwVdHA=="],

    "react-is": ["react-is@17.0.2", "", {}, "sha512-w2GsyukL62IJnlaff/nRegPQR94C/XXamvMWmSHRJ4y7Ts/4ocGRmTHvOs8PSE6pB3dWOrD/nueuU5sduBsQ4w=="],

    "react-popper": ["react-popper@2.3.0", "", { "dependencies": { "react-fast-compare": "^3.0.1", "warning": "^4.0.2" }, "peerDependencies": { "@popperjs/core": "^2.0.0", "react": "^16.8.0 || ^17 || ^18", "react-dom": "^16.8.0 || ^17 || ^18" } }, "sha512-e1hj8lL3uM+sgSR4Lxzn5h1GxBlpa4CQz0XLF8kx4MDrDRWY0Ena4c97PUeSX9i5W3UAfDP0z0FXCTQkoXUl3Q=="],

    "readdirp": ["readdirp@4.1.2", "", {}, "sha512-GDhwkLfywWL2s6vEjyhri+eXmfH6j1L7JE27WhqLeYzoh/A3DBaYGEj2H/HFZCn/kMfim73FXxEJTw06WtxQwg=="],

    "regenerator-runtime": ["regenerator-runtime@0.13.4", "", {}, "sha512-plpwicqEzfEyTQohIKktWigcLzmNStMGwbOUbykx51/29Z3JOGYldaaNGK7ngNXV+UcoqvIMmloZ48Sr74sd+g=="],

    "require-directory": ["require-directory@2.1.1", "", {}, "sha1-jGStX9MNqxyXbiNE/+f3kqam30I="],

    "safe-buffer": ["safe-buffer@5.2.1", "", {}, "sha512-rp3So07KcdmmKbGvgaNxQSJr7bGVSVk5S9Eq1F+ppbRo70+YeaDxkw5Dd8NPN+GD6bjnYm2VuPuCXmpuYvmCXQ=="],

    "sass": ["sass@1.97.3", "", { "dependencies": { "chokidar": "^4.0.0", "immutable": "^5.0.2", "source-map-js": ">=0.6.2 <2.0.0" }, "optionalDependencies": { "@parcel/watcher": "^2.4.1" }, "bin": { "sass": "sass.js" } }, "sha512-fDz1zJpd5GycprAbu4Q2PV/RprsRtKC/0z82z0JLgdytmcq0+ujJbJ/09bPGDxCLkKY3Np5cRAOcWiVkLXJURg=="],

    "scheduler": ["scheduler@0.23.2", "", { "dependencies": { "loose-envify": "^1.1.0" } }, "sha512-UOShsPwz7NrMUqhR6t0hWjFduvOzbtv7toDH1/hIrfRNIDBnnBWd0CwJTGvTpngVlmwGCdP9/Zl/tVrDqcuYzQ=="],

    "semantic-ui-css": ["semantic-ui-css@2.5.0", "", { "dependencies": { "jquery": "x.*" } }, "sha512-jIWn3WXXE2uSaWCcB+gVJVRG3masIKtTMNEP2X8Aw909H2rHpXGneYOxzO3hT8TpyvB5/dEEo9mBFCitGwoj1A=="],

    "semantic-ui-react": ["semantic-ui-react@2.1.5", "", { "dependencies": { "@babel/runtime": "^7.10.5", "@fluentui/react-component-event-listener": "~0.63.0", "@fluentui/react-component-ref": "~0.63.0", "@popperjs/core": "^2.6.0", "@semantic-ui-react/event-stack": "^3.1.3", "clsx": "^1.1.1", "keyboard-key": "^1.1.0", "lodash": "^4.17.21", "lodash-es": "^4.17.21", "prop-types": "^15.7.2", "react-is": "^16.8.6 || ^17.0.0 || ^18.0.0", "react-popper": "^2.3.0", "shallowequal": "^1.1.0" }, "peerDependencies": { "react": "^16.8.0 || ^17.0.0 || ^18.0.0", "react-dom": "^16.8.0 || ^17.0.0 || ^18.0.0" } }, "sha512-nIqmmUNpFHfovEb+RI2w3E2/maZQutd8UIWyRjf1SLse+XF51hI559xbz/sLN3O6RpLjr/echLOOXwKCirPy3Q=="],

    "shallowequal": ["shallowequal@1.1.0", "", {}, "sha512-y0m1JoUZSlPAjXVtPPW70aZWfIL/dSP7AFkRnniLCrK/8MDKog3TySTBmckD+RObVxH0v4Tox67+F14PdED2oQ=="],

    "source-map-js": ["source-map-js@1.0.2", "", {}, "sha512-R0XvVJ9WusLiqTCEiGCmICCMplcCkIwwR11mOSD9CR5u+IXYdiseeEuXCVAjS54zqwkLcPNnmU4OeJ6tUrWhDw=="],

    "streamsearch": ["streamsearch@1.1.0", "", {}, "sha512-Mcc5wHehp9aXz1ax6bZUyY5afg9u2rv5cqQI3mRrYkGC8rW2hM02jWuwjtL++LS5qinSyhj2QfLyNsuc+VsExg=="],

    "string-width": ["string-width@4.2.3", "", { "dependencies": { "emoji-regex": "^8.0.0", "is-fullwidth-code-point": "^3.0.0", "strip-ansi": "^6.0.1" } }, "sha512-wKyQRQpjJ0sIp62ErSZdGsjMJWsap5oRNihHhu6G7JVO/9jIB6UyevL+tXuOqrng8j/cxKTWyWUwvSTriiZz/g=="],

    "strip-ansi": ["strip-ansi@6.0.1", "", { "dependencies": { "ansi-regex": "^5.0.1" } }, "sha512-Y38VPSHcqkFrCpFnQ9vuSXmquuv5oXOKpGeT6aGrr3o3Gc9AlVa6JBfUSOCnbxGGZF+/0ooI7KrPuUSztUdU5A=="],

    "styled-jsx": ["styled-jsx@5.1.1", "", { "dependencies": { "client-only": "0.0.1" }, "peerDependencies": { "react": ">= 16.8.0 || 17.x.x || ^18.0.0-0" } }, "sha512-pW7uC1l4mBZ8ugbiZrcIsiIvVx1UmTfw7UkC3Um2tmfUq9Bhk8IiyEIPl6F8agHgjzku6j0xQEZbfA5uSgSaCw=="],

    "tslib": ["tslib@2.4.0", "", {}, "sha512-d6xOpEDfsi2CZVlPQzGeux8XMwLT9hssAsaPYExaQMuYskwb+x1x7J371tWlbBdWHroy99KnVB6qIkUbs5X3UQ=="],

    "typescript": ["typescript@5.6.3", "", { "bin": { "tsc": "bin/tsc", "tsserver": "bin/tsserver" } }, "sha512-hjcS1mhfuyi4WW8IWtjP7brDrG2cuDZukyrYrSauoXGNgx0S7zceP07adYkJycEr56BOUTNPzbInooiN3fn1qw=="],

    "undici": ["undici@6.19.7", "", {}, "sha512-HR3W/bMGPSr90i8AAp2C4DM3wChFdJPLrWYpIS++LxS8K+W535qftjt+4MyjNYHeWabMj1nvtmLIi7l++iq91A=="],

    "undici-types": ["undici-types@6.21.0", "", {}, "sha512-iwDZqg0QAGrg9Rav5H4n0M64c3mkR59cJ6wQp+7C4nI0gsmExaedaYLNO44eT4AtBBwjbTiGPMlt2Md0T9H9JQ=="],

    "warning": ["warning@4.0.3", "", { "dependencies": { "loose-envify": "^1.0.0" } }, "sha512-rpJyN222KWIvHJ/F53XSZv0Zl/accqHR8et1kpaMTD/fLCRxtV8iX8czMzY7sVZupTI3zcUTg8eycS2kNF9l6w=="],

    "websocket-driver": ["websocket-driver@0.7.4", "", { "dependencies": { "http-parser-js": ">=0.5.1", "safe-buffer": ">=5.1.0", "websocket-extensions": ">=0.1.1" } }, "sha512-b17KeDIQVjvb0ssuSDF2cYXSg2iztliJ4B9WdsuB6J952qCPKmnVq4DyW5motImXHDC1cBT/1UezrJVsKw5zjg=="],

    "websocket-extensions": ["websocket-extensions@0.1.4", "", {}, "sha512-OqedPIGOfsDlo31UNwYbCFMSaO9m9G/0faIHj5/dZFDMFqPTcx6UwqyOy3COEaEOg/9VsGIpdqn62W5KhoKSpg=="],

    "wrap-ansi": ["wrap-ansi@7.0.0", "", { "dependencies": { "ansi-styles": "^4.0.0", "string-width": "^4.1.0", "strip-ansi": "^6.0.0" } }, "sha512-YVGIj2kamLSTxw6NsZjoBxfSwsn0ycdesmc4p+Q21c5zPuZ1pl+NfxVdxPtdHvmNVOQ6XSYG4AUtyt/Fi7D16Q=="],

    "y18n": ["y18n@5.0.8", "", {}, "sha512-0pfFzegeDWJHJIAmTLRP2DwHjdF5s7jo9tuztdQxAhINCdvS+3nGINqPd00AphqJR/0LhANUS6/+7SCb98YOfA=="],

    "yargs": ["yargs@17.7.2", "", { "dependencies": { "cliui": "^8.0.1", "escalade": "^3.1.1", "get-caller-file": "^2.0.5", "require-directory": "^2.1.1", "string-width": "^4.2.3", "y18n": "^5.0.5", "yargs-parser": "^21.1.1" } }, "sha512-7dSzzRQ++CKnNI/krKnYRV7JKKPUXMEh61soaHKg9mrWEhzFWhFnxPxGl+69cD1Ou63C13NUPCnmIcrvqCuM6w=="],

    "yargs-parser": ["yargs-parser@21.1.1", "", {}, "sha512-tVpsJW7DdjecAiFpbIB1e3qxIQsE6NoPc5/eTdrbbIC4h0LVsWhnoa3g+m2HclBIujHzsxZ4VJVA+GUuc2/LBw=="],

    "@fluentui/react-component-ref/react-is": ["react-is@16.13.1", "", {}, "sha512-24e6ynE2H+OKt4kqsOvNd8kBpV65zoxbA4BVsEOB3ARVWQki/DHzaUoC5KuON/BiccDaCCTZBuOcfZs70kR8bQ=="],

    "@grpc/grpc-js/@types/node": ["@types/node@22.19.15", "", { "dependencies": { "undici-types": "~6.21.0" } }, "sha512-F0R/h2+dsy5wJAUe3tAU6oqa2qbWY5TpNfL/RGmo1y38hiyO1w3x2jPtt76wmuaJI4DQnOBu21cNXQ2STIUUWg=="],

    "prop-types/react-is": ["react-is@16.13.1", "", {}, "sha512-24e6ynE2H+OKt4kqsOvNd8kBpV65zoxbA4BVsEOB3ARVWQki/DHzaUoC5KuON/BiccDaCCTZBuOcfZs70kR8bQ=="],

    "protobufjs/@types/node": ["@types/node@22.19.15", "", { "dependencies": { "undici-types": "~6.21.0" } }, "sha512-F0R/h2+dsy5wJAUe3tAU6oqa2qbWY5TpNfL/RGmo1y38hiyO1w3x2jPtt76wmuaJI4DQnOBu21cNXQ2STIUUWg=="],
  }
}
